// !$*UTF8*$!
{
	archiveVersion = 1;
	classes = {
	};
	objectVersion = 51;
	objects = {

/* Begin PBXBuildFile section */
		39F136D189BB69EE8E31FE89 /* Pods_Discover_Update.framework in Frameworks */ = {isa = PBXBuildFile; fileRef = 58659639FFCEB6401FF62200 /* Pods_Discover_Update.framework */; };
		4F653BCA88D8F133018A723A /* Pods_Discover_Update_Discover_UpdateUITests.framework in Frameworks */ = {isa = PBXBuildFile; fileRef = 7D29D0599140049AF702EADB /* Pods_Discover_Update_Discover_UpdateUITests.framework */; };
		962E864C245044140082EB50 /* DefaultCell.swift in Sources */ = {isa = PBXBuildFile; fileRef = 962E864B245044130082EB50 /* DefaultCell.swift */; };
		96C3EFB22443A3A600930DFA /* AppDelegate.swift in Sources */ = {isa = PBXBuildFile; fileRef = 96C3EFB12443A3A600930DFA /* AppDelegate.swift */; };
		96C3EFB62443A3A600930DFA /* ViewController.swift in Sources */ = {isa = PBXBuildFile; fileRef = 96C3EFB52443A3A600930DFA /* ViewController.swift */; };
		96C3EFB92443A3A600930DFA /* Main.storyboard in Resources */ = {isa = PBXBuildFile; fileRef = 96C3EFB72443A3A600930DFA /* Main.storyboard */; };
		96C3EFBB2443A3A900930DFA /* Assets.xcassets in Resources */ = {isa = PBXBuildFile; fileRef = 96C3EFBA2443A3A900930DFA /* Assets.xcassets */; };
		96C3EFBE2443A3A900930DFA /* LaunchScreen.storyboard in Resources */ = {isa = PBXBuildFile; fileRef = 96C3EFBC2443A3A900930DFA /* LaunchScreen.storyboard */; };
		96C3EFC92443A3A900930DFA /* Discover_UpdateTests.swift in Sources */ = {isa = PBXBuildFile; fileRef = 96C3EFC82443A3A900930DFA /* Discover_UpdateTests.swift */; };
		96C3EFD42443A3A900930DFA /* Discover_UpdateUITests.swift in Sources */ = {isa = PBXBuildFile; fileRef = 96C3EFD32443A3A900930DFA /* Discover_UpdateUITests.swift */; };
		96C98B3C253DD2B40040AC99 /* Service.swift in Sources */ = {isa = PBXBuildFile; fileRef = 96C98B3B253DD2B40040AC99 /* Service.swift */; };
		96C98B41253DD9090040AC99 /* ViewModel.swift in Sources */ = {isa = PBXBuildFile; fileRef = 96C98B40253DD9090040AC99 /* ViewModel.swift */; };
		96F40C7624B5C78F004D354A /* Model.swift in Sources */ = {isa = PBXBuildFile; fileRef = 96F40C7524B5C78F004D354A /* Model.swift */; };
		96F49C4A24578DFE00A43115 /* smallCell.swift in Sources */ = {isa = PBXBuildFile; fileRef = 96F49C4924578DFE00A43115 /* smallCell.swift */; };
		96FFAC3924607F9900EEA29F /* dictionary.json in Resources */ = {isa = PBXBuildFile; fileRef = 96FFAC3824607F9900EEA29F /* dictionary.json */; };
		9C8F4D5123933252188F1450 /* Pods_Discover_UpdateTests.framework in Frameworks */ = {isa = PBXBuildFile; fileRef = F143A8F75555EEFFAFFC30C5 /* Pods_Discover_UpdateTests.framework */; };
/* End PBXBuildFile section */

/* Begin PBXContainerItemProxy section */
		96C3EFC52443A3A900930DFA /* PBXContainerItemProxy */ = {
			isa = PBXContainerItemProxy;
			containerPortal = 96C3EFA62443A3A600930DFA /* Project object */;
			proxyType = 1;
			remoteGlobalIDString = 96C3EFAD2443A3A600930DFA;
			remoteInfo = Discover_Update;
		};
		96C3EFD02443A3A900930DFA /* PBXContainerItemProxy */ = {
			isa = PBXContainerItemProxy;
			containerPortal = 96C3EFA62443A3A600930DFA /* Project object */;
			proxyType = 1;
			remoteGlobalIDString = 96C3EFAD2443A3A600930DFA;
			remoteInfo = Discover_Update;
		};
/* End PBXContainerItemProxy section */

/* Begin PBXFileReference section */
		0DFDF6F7265D223D23D12D9F /* Pods-Discover_Update.release.xcconfig */ = {isa = PBXFileReference; includeInIndex = 1; lastKnownFileType = text.xcconfig; name = "Pods-Discover_Update.release.xcconfig"; path = "Target Support Files/Pods-Discover_Update/Pods-Discover_Update.release.xcconfig"; sourceTree = "<group>"; };
		223CC1A30AD298FABAAAE480 /* Pods-Discover_Update-Discover_UpdateUITests.debug.xcconfig */ = {isa = PBXFileReference; includeInIndex = 1; lastKnownFileType = text.xcconfig; name = "Pods-Discover_Update-Discover_UpdateUITests.debug.xcconfig"; path = "Target Support Files/Pods-Discover_Update-Discover_UpdateUITests/Pods-Discover_Update-Discover_UpdateUITests.debug.xcconfig"; sourceTree = "<group>"; };
		4B50AAB238FF7AE9F611290B /* Pods-Discover_Update.debug.xcconfig */ = {isa = PBXFileReference; includeInIndex = 1; lastKnownFileType = text.xcconfig; name = "Pods-Discover_Update.debug.xcconfig"; path = "Target Support Files/Pods-Discover_Update/Pods-Discover_Update.debug.xcconfig"; sourceTree = "<group>"; };
		58659639FFCEB6401FF62200 /* Pods_Discover_Update.framework */ = {isa = PBXFileReference; explicitFileType = wrapper.framework; includeInIndex = 0; path = Pods_Discover_Update.framework; sourceTree = BUILT_PRODUCTS_DIR; };
		67120F31F84A51721DEA48B0 /* Pods-Discover_Update-Discover_UpdateUITests.release.xcconfig */ = {isa = PBXFileReference; includeInIndex = 1; lastKnownFileType = text.xcconfig; name = "Pods-Discover_Update-Discover_UpdateUITests.release.xcconfig"; path = "Target Support Files/Pods-Discover_Update-Discover_UpdateUITests/Pods-Discover_Update-Discover_UpdateUITests.release.xcconfig"; sourceTree = "<group>"; };
		7D29D0599140049AF702EADB /* Pods_Discover_Update_Discover_UpdateUITests.framework */ = {isa = PBXFileReference; explicitFileType = wrapper.framework; includeInIndex = 0; path = Pods_Discover_Update_Discover_UpdateUITests.framework; sourceTree = BUILT_PRODUCTS_DIR; };
		962E864B245044130082EB50 /* DefaultCell.swift */ = {isa = PBXFileReference; fileEncoding = 4; lastKnownFileType = sourcecode.swift; path = DefaultCell.swift; sourceTree = "<group>"; };
		96C3EFAE2443A3A600930DFA /* Discover_Update.app */ = {isa = PBXFileReference; explicitFileType = wrapper.application; includeInIndex = 0; path = Discover_Update.app; sourceTree = BUILT_PRODUCTS_DIR; };
		96C3EFB12443A3A600930DFA /* AppDelegate.swift */ = {isa = PBXFileReference; lastKnownFileType = sourcecode.swift; path = AppDelegate.swift; sourceTree = "<group>"; };
		96C3EFB52443A3A600930DFA /* ViewController.swift */ = {isa = PBXFileReference; lastKnownFileType = sourcecode.swift; path = ViewController.swift; sourceTree = "<group>"; };
		96C3EFB82443A3A600930DFA /* Base */ = {isa = PBXFileReference; lastKnownFileType = file.storyboard; name = Base; path = Base.lproj/Main.storyboard; sourceTree = "<group>"; };
		96C3EFBA2443A3A900930DFA /* Assets.xcassets */ = {isa = PBXFileReference; lastKnownFileType = folder.assetcatalog; path = Assets.xcassets; sourceTree = "<group>"; };
		96C3EFBD2443A3A900930DFA /* Base */ = {isa = PBXFileReference; lastKnownFileType = file.storyboard; name = Base; path = Base.lproj/LaunchScreen.storyboard; sourceTree = "<group>"; };
		96C3EFBF2443A3A900930DFA /* Info.plist */ = {isa = PBXFileReference; lastKnownFileType = text.plist.xml; path = Info.plist; sourceTree = "<group>"; };
		96C3EFC42443A3A900930DFA /* Discover_UpdateTests.xctest */ = {isa = PBXFileReference; explicitFileType = wrapper.cfbundle; includeInIndex = 0; path = Discover_UpdateTests.xctest; sourceTree = BUILT_PRODUCTS_DIR; };
		96C3EFC82443A3A900930DFA /* Discover_UpdateTests.swift */ = {isa = PBXFileReference; lastKnownFileType = sourcecode.swift; path = Discover_UpdateTests.swift; sourceTree = "<group>"; };
		96C3EFCA2443A3A900930DFA /* Info.plist */ = {isa = PBXFileReference; lastKnownFileType = text.plist.xml; path = Info.plist; sourceTree = "<group>"; };
		96C3EFCF2443A3A900930DFA /* Discover_UpdateUITests.xctest */ = {isa = PBXFileReference; explicitFileType = wrapper.cfbundle; includeInIndex = 0; path = Discover_UpdateUITests.xctest; sourceTree = BUILT_PRODUCTS_DIR; };
		96C3EFD32443A3A900930DFA /* Discover_UpdateUITests.swift */ = {isa = PBXFileReference; lastKnownFileType = sourcecode.swift; path = Discover_UpdateUITests.swift; sourceTree = "<group>"; };
		96C3EFD52443A3A900930DFA /* Info.plist */ = {isa = PBXFileReference; lastKnownFileType = text.plist.xml; path = Info.plist; sourceTree = "<group>"; };
		96C98B3B253DD2B40040AC99 /* Service.swift */ = {isa = PBXFileReference; lastKnownFileType = sourcecode.swift; path = Service.swift; sourceTree = "<group>"; };
		96C98B40253DD9090040AC99 /* ViewModel.swift */ = {isa = PBXFileReference; lastKnownFileType = sourcecode.swift; path = ViewModel.swift; sourceTree = "<group>"; };
		96F40C7524B5C78F004D354A /* Model.swift */ = {isa = PBXFileReference; lastKnownFileType = sourcecode.swift; path = Model.swift; sourceTree = "<group>"; };
		96F49C4924578DFE00A43115 /* smallCell.swift */ = {isa = PBXFileReference; lastKnownFileType = sourcecode.swift; path = smallCell.swift; sourceTree = "<group>"; };
		96FFAC3824607F9900EEA29F /* dictionary.json */ = {isa = PBXFileReference; fileEncoding = 4; lastKnownFileType = text.json; path = dictionary.json; sourceTree = "<group>"; };
		A69F7F1BC6C060C5AD638F7F /* Pods-Discover_UpdateTests.debug.xcconfig */ = {isa = PBXFileReference; includeInIndex = 1; lastKnownFileType = text.xcconfig; name = "Pods-Discover_UpdateTests.debug.xcconfig"; path = "Target Support Files/Pods-Discover_UpdateTests/Pods-Discover_UpdateTests.debug.xcconfig"; sourceTree = "<group>"; };
		B20E1A8182A65EB9FEDC9899 /* Pods-Discover_UpdateTests.release.xcconfig */ = {isa = PBXFileReference; includeInIndex = 1; lastKnownFileType = text.xcconfig; name = "Pods-Discover_UpdateTests.release.xcconfig"; path = "Target Support Files/Pods-Discover_UpdateTests/Pods-Discover_UpdateTests.release.xcconfig"; sourceTree = "<group>"; };
		F143A8F75555EEFFAFFC30C5 /* Pods_Discover_UpdateTests.framework */ = {isa = PBXFileReference; explicitFileType = wrapper.framework; includeInIndex = 0; path = Pods_Discover_UpdateTests.framework; sourceTree = BUILT_PRODUCTS_DIR; };
/* End PBXFileReference section */

/* Begin PBXFrameworksBuildPhase section */
		96C3EFAB2443A3A600930DFA /* Frameworks */ = {
			isa = PBXFrameworksBuildPhase;
			buildActionMask = 2147483647;
			files = (
				39F136D189BB69EE8E31FE89 /* Pods_Discover_Update.framework in Frameworks */,
			);
			runOnlyForDeploymentPostprocessing = 0;
		};
		96C3EFC12443A3A900930DFA /* Frameworks */ = {
			isa = PBXFrameworksBuildPhase;
			buildActionMask = 2147483647;
			files = (
				9C8F4D5123933252188F1450 /* Pods_Discover_UpdateTests.framework in Frameworks */,
			);
			runOnlyForDeploymentPostprocessing = 0;
		};
		96C3EFCC2443A3A900930DFA /* Frameworks */ = {
			isa = PBXFrameworksBuildPhase;
			buildActionMask = 2147483647;
			files = (
				4F653BCA88D8F133018A723A /* Pods_Discover_Update_Discover_UpdateUITests.framework in Frameworks */,
			);
			runOnlyForDeploymentPostprocessing = 0;
		};
/* End PBXFrameworksBuildPhase section */

/* Begin PBXGroup section */
		6D096C948520400BBAED1776 /* Pods */ = {
			isa = PBXGroup;
			children = (
				4B50AAB238FF7AE9F611290B /* Pods-Discover_Update.debug.xcconfig */,
				0DFDF6F7265D223D23D12D9F /* Pods-Discover_Update.release.xcconfig */,
				223CC1A30AD298FABAAAE480 /* Pods-Discover_Update-Discover_UpdateUITests.debug.xcconfig */,
				67120F31F84A51721DEA48B0 /* Pods-Discover_Update-Discover_UpdateUITests.release.xcconfig */,
				A69F7F1BC6C060C5AD638F7F /* Pods-Discover_UpdateTests.debug.xcconfig */,
				B20E1A8182A65EB9FEDC9899 /* Pods-Discover_UpdateTests.release.xcconfig */,
			);
			path = Pods;
			sourceTree = "<group>";
		};
		96C3EFA52443A3A600930DFA = {
			isa = PBXGroup;
			children = (
				96C3EFB02443A3A600930DFA /* Discover_Update */,
				96C3EFC72443A3A900930DFA /* Discover_UpdateTests */,
				96C3EFD22443A3A900930DFA /* Discover_UpdateUITests */,
				96C3EFAF2443A3A600930DFA /* Products */,
				6D096C948520400BBAED1776 /* Pods */,
				FD6143D23CC6B34271C70522 /* Frameworks */,
			);
			sourceTree = "<group>";
		};
		96C3EFAF2443A3A600930DFA /* Products */ = {
			isa = PBXGroup;
			children = (
				96C3EFAE2443A3A600930DFA /* Discover_Update.app */,
				96C3EFC42443A3A900930DFA /* Discover_UpdateTests.xctest */,
				96C3EFCF2443A3A900930DFA /* Discover_UpdateUITests.xctest */,
			);
			name = Products;
			sourceTree = "<group>";
		};
		96C3EFB02443A3A600930DFA /* Discover_Update */ = {
			isa = PBXGroup;
			children = (
				96C98B3F253DD8EE0040AC99 /* ViewModel */,
				96C98B37253DD2340040AC99 /* Model */,
				96C98B38253DD2460040AC99 /* View */,
				96C98B39253DD25C0040AC99 /* Controller */,
				96C98B3A253DD2650040AC99 /* Service */,
				96C3EFB12443A3A600930DFA /* AppDelegate.swift */,
				96C3EFB72443A3A600930DFA /* Main.storyboard */,
				96C3EFBA2443A3A900930DFA /* Assets.xcassets */,
				96C3EFBC2443A3A900930DFA /* LaunchScreen.storyboard */,
				96FFAC3824607F9900EEA29F /* dictionary.json */,
				96C3EFBF2443A3A900930DFA /* Info.plist */,
			);
			path = Discover_Update;
			sourceTree = "<group>";
		};
		96C3EFC72443A3A900930DFA /* Discover_UpdateTests */ = {
			isa = PBXGroup;
			children = (
				96C3EFC82443A3A900930DFA /* Discover_UpdateTests.swift */,
				96C3EFCA2443A3A900930DFA /* Info.plist */,
			);
			path = Discover_UpdateTests;
			sourceTree = "<group>";
		};
		96C3EFD22443A3A900930DFA /* Discover_UpdateUITests */ = {
			isa = PBXGroup;
			children = (
				96C3EFD32443A3A900930DFA /* Discover_UpdateUITests.swift */,
				96C3EFD52443A3A900930DFA /* Info.plist */,
			);
			path = Discover_UpdateUITests;
			sourceTree = "<group>";
		};
		96C98B37253DD2340040AC99 /* Model */ = {
			isa = PBXGroup;
			children = (
				96F40C7524B5C78F004D354A /* Model.swift */,
			);
			path = Model;
			sourceTree = "<group>";
		};
		96C98B38253DD2460040AC99 /* View */ = {
			isa = PBXGroup;
			children = (
				962E864B245044130082EB50 /* DefaultCell.swift */,
				96F49C4924578DFE00A43115 /* smallCell.swift */,
			);
			path = View;
			sourceTree = "<group>";
		};
		96C98B39253DD25C0040AC99 /* Controller */ = {
			isa = PBXGroup;
			children = (
				96C3EFB52443A3A600930DFA /* ViewController.swift */,
			);
			path = Controller;
			sourceTree = "<group>";
		};
		96C98B3A253DD2650040AC99 /* Service */ = {
			isa = PBXGroup;
			children = (
				96C98B3B253DD2B40040AC99 /* Service.swift */,
			);
			path = Service;
			sourceTree = "<group>";
		};
		96C98B3F253DD8EE0040AC99 /* ViewModel */ = {
			isa = PBXGroup;
			children = (
				96C98B40253DD9090040AC99 /* ViewModel.swift */,
			);
			path = ViewModel;
			sourceTree = "<group>";
		};
		FD6143D23CC6B34271C70522 /* Frameworks */ = {
			isa = PBXGroup;
			children = (
				58659639FFCEB6401FF62200 /* Pods_Discover_Update.framework */,
				7D29D0599140049AF702EADB /* Pods_Discover_Update_Discover_UpdateUITests.framework */,
				F143A8F75555EEFFAFFC30C5 /* Pods_Discover_UpdateTests.framework */,
			);
			name = Frameworks;
			sourceTree = "<group>";
		};
/* End PBXGroup section */

/* Begin PBXNativeTarget section */
		96C3EFAD2443A3A600930DFA /* Discover_Update */ = {
			isa = PBXNativeTarget;
			buildConfigurationList = 96C3EFD82443A3A900930DFA /* Build configuration list for PBXNativeTarget "Discover_Update" */;
			buildPhases = (
				A3D3B904CE9248E54E49A1F6 /* [CP] Check Pods Manifest.lock */,
				96C3EFAA2443A3A600930DFA /* Sources */,
				96C3EFAB2443A3A600930DFA /* Frameworks */,
				96C3EFAC2443A3A600930DFA /* Resources */,
				8C077E39779571B89C2D658D /* [CP] Embed Pods Frameworks */,
			);
			buildRules = (
			);
			dependencies = (
			);
			name = Discover_Update;
			productName = Discover_Update;
			productReference = 96C3EFAE2443A3A600930DFA /* Discover_Update.app */;
			productType = "com.apple.product-type.application";
		};
		96C3EFC32443A3A900930DFA /* Discover_UpdateTests */ = {
			isa = PBXNativeTarget;
			buildConfigurationList = 96C3EFDB2443A3A900930DFA /* Build configuration list for PBXNativeTarget "Discover_UpdateTests" */;
			buildPhases = (
				4EB24462A30BFA239885297F /* [CP] Check Pods Manifest.lock */,
				96C3EFC02443A3A900930DFA /* Sources */,
				96C3EFC12443A3A900930DFA /* Frameworks */,
				96C3EFC22443A3A900930DFA /* Resources */,
			);
			buildRules = (
			);
			dependencies = (
				96C3EFC62443A3A900930DFA /* PBXTargetDependency */,
			);
			name = Discover_UpdateTests;
			productName = Discover_UpdateTests;
			productReference = 96C3EFC42443A3A900930DFA /* Discover_UpdateTests.xctest */;
			productType = "com.apple.product-type.bundle.unit-test";
		};
		96C3EFCE2443A3A900930DFA /* Discover_UpdateUITests */ = {
			isa = PBXNativeTarget;
			buildConfigurationList = 96C3EFDE2443A3A900930DFA /* Build configuration list for PBXNativeTarget "Discover_UpdateUITests" */;
			buildPhases = (
				9DA35032440D296914FCBC40 /* [CP] Check Pods Manifest.lock */,
				96C3EFCB2443A3A900930DFA /* Sources */,
				96C3EFCC2443A3A900930DFA /* Frameworks */,
				96C3EFCD2443A3A900930DFA /* Resources */,
				87131012C0A1F4B28ED7FA6F /* [CP] Embed Pods Frameworks */,
			);
			buildRules = (
			);
			dependencies = (
				96C3EFD12443A3A900930DFA /* PBXTargetDependency */,
			);
			name = Discover_UpdateUITests;
			productName = Discover_UpdateUITests;
			productReference = 96C3EFCF2443A3A900930DFA /* Discover_UpdateUITests.xctest */;
			productType = "com.apple.product-type.bundle.ui-testing";
		};
/* End PBXNativeTarget section */

/* Begin PBXProject section */
		96C3EFA62443A3A600930DFA /* Project object */ = {
			isa = PBXProject;
			attributes = {
				LastSwiftUpdateCheck = 1130;
				LastUpgradeCheck = 1130;
				ORGANIZATIONNAME = Athlosn90;
				TargetAttributes = {
					96C3EFAD2443A3A600930DFA = {
						CreatedOnToolsVersion = 11.3.1;
					};
					96C3EFC32443A3A900930DFA = {
						CreatedOnToolsVersion = 11.3.1;
						TestTargetID = 96C3EFAD2443A3A600930DFA;
					};
					96C3EFCE2443A3A900930DFA = {
						CreatedOnToolsVersion = 11.3.1;
						TestTargetID = 96C3EFAD2443A3A600930DFA;
					};
				};
			};
			buildConfigurationList = 96C3EFA92443A3A600930DFA /* Build configuration list for PBXProject "Discover_Update" */;
			compatibilityVersion = "Xcode 9.3";
			developmentRegion = en;
			hasScannedForEncodings = 0;
			knownRegions = (
				en,
				Base,
			);
			mainGroup = 96C3EFA52443A3A600930DFA;
			productRefGroup = 96C3EFAF2443A3A600930DFA /* Products */;
			projectDirPath = "";
			projectRoot = "";
			targets = (
				96C3EFAD2443A3A600930DFA /* Discover_Update */,
				96C3EFC32443A3A900930DFA /* Discover_UpdateTests */,
				96C3EFCE2443A3A900930DFA /* Discover_UpdateUITests */,
			);
		};
/* End PBXProject section */

/* Begin PBXResourcesBuildPhase section */
		96C3EFAC2443A3A600930DFA /* Resources */ = {
			isa = PBXResourcesBuildPhase;
			buildActionMask = 2147483647;
			files = (
				96C3EFBE2443A3A900930DFA /* LaunchScreen.storyboard in Resources */,
				96FFAC3924607F9900EEA29F /* dictionary.json in Resources */,
				96C3EFBB2443A3A900930DFA /* Assets.xcassets in Resources */,
				96C3EFB92443A3A600930DFA /* Main.storyboard in Resources */,
			);
			runOnlyForDeploymentPostprocessing = 0;
		};
		96C3EFC22443A3A900930DFA /* Resources */ = {
			isa = PBXResourcesBuildPhase;
			buildActionMask = 2147483647;
			files = (
			);
			runOnlyForDeploymentPostprocessing = 0;
		};
		96C3EFCD2443A3A900930DFA /* Resources */ = {
			isa = PBXResourcesBuildPhase;
			buildActionMask = 2147483647;
			files = (
			);
			runOnlyForDeploymentPostprocessing = 0;
		};
/* End PBXResourcesBuildPhase section */

/* Begin PBXShellScriptBuildPhase section */
		4EB24462A30BFA239885297F /* [CP] Check Pods Manifest.lock */ = {
			isa = PBXShellScriptBuildPhase;
			buildActionMask = 2147483647;
			files = (
			);
			inputFileListPaths = (
			);
			inputPaths = (
				"${PODS_PODFILE_DIR_PATH}/Podfile.lock",
				"${PODS_ROOT}/Manifest.lock",
			);
			name = "[CP] Check Pods Manifest.lock";
			outputFileListPaths = (
			);
			outputPaths = (
				"$(DERIVED_FILE_DIR)/Pods-Discover_UpdateTests-checkManifestLockResult.txt",
			);
			runOnlyForDeploymentPostprocessing = 0;
			shellPath = /bin/sh;
			shellScript = "diff \"${PODS_PODFILE_DIR_PATH}/Podfile.lock\" \"${PODS_ROOT}/Manifest.lock\" > /dev/null\nif [ $? != 0 ] ; then\n    # print error to STDERR\n    echo \"error: The sandbox is not in sync with the Podfile.lock. Run 'pod install' or update your CocoaPods installation.\" >&2\n    exit 1\nfi\n# This output is used by Xcode 'outputs' to avoid re-running this script phase.\necho \"SUCCESS\" > \"${SCRIPT_OUTPUT_FILE_0}\"\n";
			showEnvVarsInLog = 0;
		};
		87131012C0A1F4B28ED7FA6F /* [CP] Embed Pods Frameworks */ = {
			isa = PBXShellScriptBuildPhase;
			buildActionMask = 2147483647;
			files = (
			);
			inputFileListPaths = (
				"${PODS_ROOT}/Target Support Files/Pods-Discover_Update-Discover_UpdateUITests/Pods-Discover_Update-Discover_UpdateUITests-frameworks-${CONFIGURATION}-input-files.xcfilelist",
			);
			name = "[CP] Embed Pods Frameworks";
			outputFileListPaths = (
				"${PODS_ROOT}/Target Support Files/Pods-Discover_Update-Discover_UpdateUITests/Pods-Discover_Update-Discover_UpdateUITests-frameworks-${CONFIGURATION}-output-files.xcfilelist",
			);
			runOnlyForDeploymentPostprocessing = 0;
			shellPath = /bin/sh;
			shellScript = "\"${PODS_ROOT}/Target Support Files/Pods-Discover_Update-Discover_UpdateUITests/Pods-Discover_Update-Discover_UpdateUITests-frameworks.sh\"\n";
			showEnvVarsInLog = 0;
		};
		8C077E39779571B89C2D658D /* [CP] Embed Pods Frameworks */ = {
			isa = PBXShellScriptBuildPhase;
			buildActionMask = 2147483647;
			files = (
			);
			inputFileListPaths = (
				"${PODS_ROOT}/Target Support Files/Pods-Discover_Update/Pods-Discover_Update-frameworks-${CONFIGURATION}-input-files.xcfilelist",
			);
			name = "[CP] Embed Pods Frameworks";
			outputFileListPaths = (
				"${PODS_ROOT}/Target Support Files/Pods-Discover_Update/Pods-Discover_Update-frameworks-${CONFIGURATION}-output-files.xcfilelist",
			);
			runOnlyForDeploymentPostprocessing = 0;
			shellPath = /bin/sh;
			shellScript = "\"${PODS_ROOT}/Target Support Files/Pods-Discover_Update/Pods-Discover_Update-frameworks.sh\"\n";
			showEnvVarsInLog = 0;
		};
		9DA35032440D296914FCBC40 /* [CP] Check Pods Manifest.lock */ = {
			isa = PBXShellScriptBuildPhase;
			buildActionMask = 2147483647;
			files = (
			);
			inputFileListPaths = (
			);
			inputPaths = (
				"${PODS_PODFILE_DIR_PATH}/Podfile.lock",
				"${PODS_ROOT}/Manifest.lock",
			);
			name = "[CP] Check Pods Manifest.lock";
			outputFileListPaths = (
			);
			outputPaths = (
				"$(DERIVED_FILE_DIR)/Pods-Discover_Update-Discover_UpdateUITests-checkManifestLockResult.txt",
			);
			runOnlyForDeploymentPostprocessing = 0;
			shellPath = /bin/sh;
			shellScript = "diff \"${PODS_PODFILE_DIR_PATH}/Podfile.lock\" \"${PODS_ROOT}/Manifest.lock\" > /dev/null\nif [ $? != 0 ] ; then\n    # print error to STDERR\n    echo \"error: The sandbox is not in sync with the Podfile.lock. Run 'pod install' or update your CocoaPods installation.\" >&2\n    exit 1\nfi\n# This output is used by Xcode 'outputs' to avoid re-running this script phase.\necho \"SUCCESS\" > \"${SCRIPT_OUTPUT_FILE_0}\"\n";
			showEnvVarsInLog = 0;
		};
		A3D3B904CE9248E54E49A1F6 /* [CP] Check Pods Manifest.lock */ = {
			isa = PBXShellScriptBuildPhase;
			buildActionMask = 2147483647;
			files = (
			);
			inputFileListPaths = (
			);
			inputPaths = (
				"${PODS_PODFILE_DIR_PATH}/Podfile.lock",
				"${PODS_ROOT}/Manifest.lock",
			);
			name = "[CP] Check Pods Manifest.lock";
			outputFileListPaths = (
			);
			outputPaths = (
				"$(DERIVED_FILE_DIR)/Pods-Discover_Update-checkManifestLockResult.txt",
			);
			runOnlyForDeploymentPostprocessing = 0;
			shellPath = /bin/sh;
			shellScript = "diff \"${PODS_PODFILE_DIR_PATH}/Podfile.lock\" \"${PODS_ROOT}/Manifest.lock\" > /dev/null\nif [ $? != 0 ] ; then\n    # print error to STDERR\n    echo \"error: The sandbox is not in sync with the Podfile.lock. Run 'pod install' or update your CocoaPods installation.\" >&2\n    exit 1\nfi\n# This output is used by Xcode 'outputs' to avoid re-running this script phase.\necho \"SUCCESS\" > \"${SCRIPT_OUTPUT_FILE_0}\"\n";
			showEnvVarsInLog = 0;
		};
/* End PBXShellScriptBuildPhase section */

/* Begin PBXSourcesBuildPhase section */
		96C3EFAA2443A3A600930DFA /* Sources */ = {
			isa = PBXSourcesBuildPhase;
			buildActionMask = 2147483647;
			files = (
				96C3EFB62443A3A600930DFA /* ViewController.swift in Sources */,
				96C98B3C253DD2B40040AC99 /* Service.swift in Sources */,
				962E864C245044140082EB50 /* DefaultCell.swift in Sources */,
				96C3EFB22443A3A600930DFA /* AppDelegate.swift in Sources */,
				96F49C4A24578DFE00A43115 /* smallCell.swift in Sources */,
				96F40C7624B5C78F004D354A /* Model.swift in Sources */,
				96C98B41253DD9090040AC99 /* ViewModel.swift in Sources */,
			);
			runOnlyForDeploymentPostprocessing = 0;
		};
		96C3EFC02443A3A900930DFA /* Sources */ = {
			isa = PBXSourcesBuildPhase;
			buildActionMask = 2147483647;
			files = (
				96C3EFC92443A3A900930DFA /* Discover_UpdateTests.swift in Sources */,
			);
			runOnlyForDeploymentPostprocessing = 0;
		};
		96C3EFCB2443A3A900930DFA /* Sources */ = {
			isa = PBXSourcesBuildPhase;
			buildActionMask = 2147483647;
			files = (
				96C3EFD42443A3A900930DFA /* Discover_UpdateUITests.swift in Sources */,
			);
			runOnlyForDeploymentPostprocessing = 0;
		};
/* End PBXSourcesBuildPhase section */

/* Begin PBXTargetDependency section */
		96C3EFC62443A3A900930DFA /* PBXTargetDependency */ = {
			isa = PBXTargetDependency;
			target = 96C3EFAD2443A3A600930DFA /* Discover_Update */;
			targetProxy = 96C3EFC52443A3A900930DFA /* PBXContainerItemProxy */;
		};
		96C3EFD12443A3A900930DFA /* PBXTargetDependency */ = {
			isa = PBXTargetDependency;
			target = 96C3EFAD2443A3A600930DFA /* Discover_Update */;
			targetProxy = 96C3EFD02443A3A900930DFA /* PBXContainerItemProxy */;
		};
/* End PBXTargetDependency section */

/* Begin PBXVariantGroup section */
		96C3EFB72443A3A600930DFA /* Main.storyboard */ = {
			isa = PBXVariantGroup;
			children = (
				96C3EFB82443A3A600930DFA /* Base */,
			);
			name = Main.storyboard;
			sourceTree = "<group>";
		};
		96C3EFBC2443A3A900930DFA /* LaunchScreen.storyboard */ = {
			isa = PBXVariantGroup;
			children = (
				96C3EFBD2443A3A900930DFA /* Base */,
			);
			name = LaunchScreen.storyboard;
			sourceTree = "<group>";
		};
/* End PBXVariantGroup section */

/* Begin XCBuildConfiguration section */
		96C3EFD62443A3A900930DFA /* Debug */ = {
			isa = XCBuildConfiguration;
			buildSettings = {
				ALWAYS_SEARCH_USER_PATHS = NO;
				CLANG_ANALYZER_NONNULL = YES;
				CLANG_ANALYZER_NUMBER_OBJECT_CONVERSION = YES_AGGRESSIVE;
				CLANG_CXX_LANGUAGE_STANDARD = "gnu++14";
				CLANG_CXX_LIBRARY = "libc++";
				CLANG_ENABLE_MODULES = YES;
				CLANG_ENABLE_OBJC_ARC = YES;
				CLANG_ENABLE_OBJC_WEAK = YES;
				CLANG_WARN_BLOCK_CAPTURE_AUTORELEASING = YES;
				CLANG_WARN_BOOL_CONVERSION = YES;
				CLANG_WARN_COMMA = YES;
				CLANG_WARN_CONSTANT_CONVERSION = YES;
				CLANG_WARN_DEPRECATED_OBJC_IMPLEMENTATIONS = YES;
				CLANG_WARN_DIRECT_OBJC_ISA_USAGE = YES_ERROR;
				CLANG_WARN_DOCUMENTATION_COMMENTS = YES;
				CLANG_WARN_EMPTY_BODY = YES;
				CLANG_WARN_ENUM_CONVERSION = YES;
				CLANG_WARN_INFINITE_RECURSION = YES;
				CLANG_WARN_INT_CONVERSION = YES;
				CLANG_WARN_NON_LITERAL_NULL_CONVERSION = YES;
				CLANG_WARN_OBJC_IMPLICIT_RETAIN_SELF = YES;
				CLANG_WARN_OBJC_LITERAL_CONVERSION = YES;
				CLANG_WARN_OBJC_ROOT_CLASS = YES_ERROR;
				CLANG_WARN_RANGE_LOOP_ANALYSIS = YES;
				CLANG_WARN_STRICT_PROTOTYPES = YES;
				CLANG_WARN_SUSPICIOUS_MOVE = YES;
				CLANG_WARN_UNGUARDED_AVAILABILITY = YES_AGGRESSIVE;
				CLANG_WARN_UNREACHABLE_CODE = YES;
				CLANG_WARN__DUPLICATE_METHOD_MATCH = YES;
				COPY_PHASE_STRIP = NO;
				DEBUG_INFORMATION_FORMAT = dwarf;
				ENABLE_STRICT_OBJC_MSGSEND = YES;
				ENABLE_TESTABILITY = YES;
				GCC_C_LANGUAGE_STANDARD = gnu11;
				GCC_DYNAMIC_NO_PIC = NO;
				GCC_NO_COMMON_BLOCKS = YES;
				GCC_OPTIMIZATION_LEVEL = 0;
				GCC_PREPROCESSOR_DEFINITIONS = (
					"DEBUG=1",
					"$(inherited)",
				);
				GCC_WARN_64_TO_32_BIT_CONVERSION = YES;
				GCC_WARN_ABOUT_RETURN_TYPE = YES_ERROR;
				GCC_WARN_UNDECLARED_SELECTOR = YES;
				GCC_WARN_UNINITIALIZED_AUTOS = YES_AGGRESSIVE;
				GCC_WARN_UNUSED_FUNCTION = YES;
				GCC_WARN_UNUSED_VARIABLE = YES;
				IPHONEOS_DEPLOYMENT_TARGET = 13.2;
				MTL_ENABLE_DEBUG_INFO = INCLUDE_SOURCE;
				MTL_FAST_MATH = YES;
				ONLY_ACTIVE_ARCH = YES;
				SDKROOT = iphoneos;
				SWIFT_ACTIVE_COMPILATION_CONDITIONS = DEBUG;
				SWIFT_OPTIMIZATION_LEVEL = "-Onone";
			};
			name = Debug;
		};
		96C3EFD72443A3A900930DFA /* Release */ = {
			isa = XCBuildConfiguration;
			buildSettings = {
				ALWAYS_SEARCH_USER_PATHS = NO;
				CLANG_ANALYZER_NONNULL = YES;
				CLANG_ANALYZER_NUMBER_OBJECT_CONVERSION = YES_AGGRESSIVE;
				CLANG_CXX_LANGUAGE_STANDARD = "gnu++14";
				CLANG_CXX_LIBRARY = "libc++";
				CLANG_ENABLE_MODULES = YES;
				CLANG_ENABLE_OBJC_ARC = YES;
				CLANG_ENABLE_OBJC_WEAK = YES;
				CLANG_WARN_BLOCK_CAPTURE_AUTORELEASING = YES;
				CLANG_WARN_BOOL_CONVERSION = YES;
				CLANG_WARN_COMMA = YES;
				CLANG_WARN_CONSTANT_CONVERSION = YES;
				CLANG_WARN_DEPRECATED_OBJC_IMPLEMENTATIONS = YES;
				CLANG_WARN_DIRECT_OBJC_ISA_USAGE = YES_ERROR;
				CLANG_WARN_DOCUMENTATION_COMMENTS = YES;
				CLANG_WARN_EMPTY_BODY = YES;
				CLANG_WARN_ENUM_CONVERSION = YES;
				CLANG_WARN_INFINITE_RECURSION = YES;
				CLANG_WARN_INT_CONVERSION = YES;
				CLANG_WARN_NON_LITERAL_NULL_CONVERSION = YES;
				CLANG_WARN_OBJC_IMPLICIT_RETAIN_SELF = YES;
				CLANG_WARN_OBJC_LITERAL_CONVERSION = YES;
				CLANG_WARN_OBJC_ROOT_CLASS = YES_ERROR;
				CLANG_WARN_RANGE_LOOP_ANALYSIS = YES;
				CLANG_WARN_STRICT_PROTOTYPES = YES;
				CLANG_WARN_SUSPICIOUS_MOVE = YES;
				CLANG_WARN_UNGUARDED_AVAILABILITY = YES_AGGRESSIVE;
				CLANG_WARN_UNREACHABLE_CODE = YES;
				CLANG_WARN__DUPLICATE_METHOD_MATCH = YES;
				COPY_PHASE_STRIP = NO;
				DEBUG_INFORMATION_FORMAT = "dwarf-with-dsym";
				ENABLE_NS_ASSERTIONS = NO;
				ENABLE_STRICT_OBJC_MSGSEND = YES;
				GCC_C_LANGUAGE_STANDARD = gnu11;
				GCC_NO_COMMON_BLOCKS = YES;
				GCC_WARN_64_TO_32_BIT_CONVERSION = YES;
				GCC_WARN_ABOUT_RETURN_TYPE = YES_ERROR;
				GCC_WARN_UNDECLARED_SELECTOR = YES;
				GCC_WARN_UNINITIALIZED_AUTOS = YES_AGGRESSIVE;
				GCC_WARN_UNUSED_FUNCTION = YES;
				GCC_WARN_UNUSED_VARIABLE = YES;
				IPHONEOS_DEPLOYMENT_TARGET = 13.2;
				MTL_ENABLE_DEBUG_INFO = NO;
				MTL_FAST_MATH = YES;
				SDKROOT = iphoneos;
				SWIFT_COMPILATION_MODE = wholemodule;
				SWIFT_OPTIMIZATION_LEVEL = "-O";
				VALIDATE_PRODUCT = YES;
			};
			name = Release;
		};
		96C3EFD92443A3A900930DFA /* Debug */ = {
			isa = XCBuildConfiguration;
			baseConfigurationReference = 4B50AAB238FF7AE9F611290B /* Pods-Discover_Update.debug.xcconfig */;
			buildSettings = {
				ASSETCATALOG_COMPILER_APPICON_NAME = AppIcon;
				CODE_SIGN_STYLE = Automatic;
				DEVELOPMENT_TEAM = B5LZ26Z8WX;
				INFOPLIST_FILE = Discover_Update/Info.plist;
				LD_RUNPATH_SEARCH_PATHS = (
					"$(inherited)",
					"@executable_path/Frameworks",
				);
				PRODUCT_BUNDLE_IDENTIFIER = "Foodys.Discover-Update";
				PRODUCT_NAME = "$(TARGET_NAME)";
				SWIFT_VERSION = 5.0;
				TARGETED_DEVICE_FAMILY = "1,2";
			};
			name = Debug;
		};
		96C3EFDA2443A3A900930DFA /* Release */ = {
			isa = XCBuildConfiguration;
			baseConfigurationReference = 0DFDF6F7265D223D23D12D9F /* Pods-Discover_Update.release.xcconfig */;
			buildSettings = {
				ASSETCATALOG_COMPILER_APPICON_NAME = AppIcon;
				CODE_SIGN_STYLE = Automatic;
				DEVELOPMENT_TEAM = B5LZ26Z8WX;
				INFOPLIST_FILE = Discover_Update/Info.plist;
				LD_RUNPATH_SEARCH_PATHS = (
					"$(inherited)",
					"@executable_path/Frameworks",
				);
				PRODUCT_BUNDLE_IDENTIFIER = "Foodys.Discover-Update";
				PRODUCT_NAME = "$(TARGET_NAME)";
				SWIFT_VERSION = 5.0;
				TARGETED_DEVICE_FAMILY = "1,2";
			};
			name = Release;
		};
		96C3EFDC2443A3A900930DFA /* Debug */ = {
			isa = XCBuildConfiguration;
			baseConfigurationReference = A69F7F1BC6C060C5AD638F7F /* Pods-Discover_UpdateTests.debug.xcconfig */;
			buildSettings = {
				ALWAYS_EMBED_SWIFT_STANDARD_LIBRARIES = YES;
				BUNDLE_LOADER = "$(TEST_HOST)";
				CODE_SIGN_STYLE = Automatic;
				DEVELOPMENT_TEAM = B5LZ26Z8WX;
				INFOPLIST_FILE = Discover_UpdateTests/Info.plist;
				IPHONEOS_DEPLOYMENT_TARGET = 13.2;
				LD_RUNPATH_SEARCH_PATHS = (
					"$(inherited)",
					"@executable_path/Frameworks",
					"@loader_path/Frameworks",
				);
				PRODUCT_BUNDLE_IDENTIFIER = "Foodys.Discover-UpdateTests";
				PRODUCT_NAME = "$(TARGET_NAME)";
				SWIFT_VERSION = 5.0;
				TARGETED_DEVICE_FAMILY = "1,2";
				TEST_HOST = "$(BUILT_PRODUCTS_DIR)/Discover_Update.app/Discover_Update";
			};
			name = Debug;
		};
		96C3EFDD2443A3A900930DFA /* Release */ = {
			isa = XCBuildConfiguration;
			baseConfigurationReference = B20E1A8182A65EB9FEDC9899 /* Pods-Discover_UpdateTests.release.xcconfig */;
			buildSettings = {
				ALWAYS_EMBED_SWIFT_STANDARD_LIBRARIES = YES;
				BUNDLE_LOADER = "$(TEST_HOST)";
				CODE_SIGN_STYLE = Automatic;
				DEVELOPMENT_TEAM = B5LZ26Z8WX;
				INFOPLIST_FILE = Discover_UpdateTests/Info.plist;
				IPHONEOS_DEPLOYMENT_TARGET = 13.2;
				LD_RUNPATH_SEARCH_PATHS = (
					"$(inherited)",
					"@executable_path/Frameworks",
					"@loader_path/Frameworks",
				);
				PRODUCT_BUNDLE_IDENTIFIER = "Foodys.Discover-UpdateTests";
				PRODUCT_NAME = "$(TARGET_NAME)";
				SWIFT_VERSION = 5.0;
				TARGETED_DEVICE_FAMILY = "1,2";
				TEST_HOST = "$(BUILT_PRODUCTS_DIR)/Discover_Update.app/Discover_Update";
			};
			name = Release;
		};
		96C3EFDF2443A3A900930DFA /* Debug */ = {
			isa = XCBuildConfiguration;
			baseConfigurationReference = 223CC1A30AD298FABAAAE480 /* Pods-Discover_Update-Discover_UpdateUITests.debug.xcconfig */;
			buildSettings = {
				ALWAYS_EMBED_SWIFT_STANDARD_LIBRARIES = YES;
				CODE_SIGN_STYLE = Automatic;
				DEVELOPMENT_TEAM = B5LZ26Z8WX;
				INFOPLIST_FILE = Discover_UpdateUITests/Info.plist;
				LD_RUNPATH_SEARCH_PATHS = (
					"$(inherited)",
					"@executable_path/Frameworks",
					"@loader_path/Frameworks",
				);
				PRODUCT_BUNDLE_IDENTIFIER = "Foodys.Discover-UpdateUITests";
				PRODUCT_NAME = "$(TARGET_NAME)";
				SWIFT_VERSION = 5.0;
				TARGETED_DEVICE_FAMILY = "1,2";
				TEST_TARGET_NAME = Discover_Update;
			};
			name = Debug;
		};
		96C3EFE02443A3A900930DFA /* Release */ = {
			isa = XCBuildConfiguration;
			baseConfigurationReference = 67120F31F84A51721DEA48B0 /* Pods-Discover_Update-Discover_UpdateUITests.release.xcconfig */;
			buildSettings = {
				ALWAYS_EMBED_SWIFT_STANDARD_LIBRARIES = YES;
				CODE_SIGN_STYLE = Automatic;
				DEVELOPMENT_TEAM = B5LZ26Z8WX;
				INFOPLIST_FILE = Discover_UpdateUITests/Info.plist;
				LD_RUNPATH_SEARCH_PATHS = (
					"$(inherited)",
					"@executable_path/Frameworks",
					"@loader_path/Frameworks",
				);
				PRODUCT_BUNDLE_IDENTIFIER = "Foodys.Discover-UpdateUITests";
				PRODUCT_NAME = "$(TARGET_NAME)";
				SWIFT_VERSION = 5.0;
				TARGETED_DEVICE_FAMILY = "1,2";
				TEST_TARGET_NAME = Discover_Update;
			};
			name = Release;
		};
/* End XCBuildConfiguration section */

/* Begin XCConfigurationList section */
		96C3EFA92443A3A600930DFA /* Build configuration list for PBXProject "Discover_Update" */ = {
			isa = XCConfigurationList;
			buildConfigurations = (
				96C3EFD62443A3A900930DFA /* Debug */,
				96C3EFD72443A3A900930DFA /* Release */,
			);
			defaultConfigurationIsVisible = 0;
			defaultConfigurationName = Release;
		};
		96C3EFD82443A3A900930DFA /* Build configuration list for PBXNativeTarget "Discover_Update" */ = {
			isa = XCConfigurationList;
			buildConfigurations = (
				96C3EFD92443A3A900930DFA /* Debug */,
				96C3EFDA2443A3A900930DFA /* Release */,
			);
			defaultConfigurationIsVisible = 0;
			defaultConfigurationName = Release;
		};
		96C3EFDB2443A3A900930DFA /* Build configuration list for PBXNativeTarget "Discover_UpdateTests" */ = {
			isa = XCConfigurationList;
			buildConfigurations = (
				96C3EFDC2443A3A900930DFA /* Debug */,
				96C3EFDD2443A3A900930DFA /* Release */,
			);
			defaultConfigurationIsVisible = 0;
			defaultConfigurationName = Release;
		};
		96C3EFDE2443A3A900930DFA /* Build configuration list for PBXNativeTarget "Discover_UpdateUITests" */ = {
			isa = XCConfigurationList;
			buildConfigurations = (
				96C3EFDF2443A3A900930DFA /* Debug */,
				96C3EFE02443A3A900930DFA /* Release */,
			);
			defaultConfigurationIsVisible = 0;
			defaultConfigurationName = Release;
		};
/* End XCConfigurationList section */
	};
	rootObject = 96C3EFA62443A3A600930DFA /* Project object */;
}
